
Microsoft Visual Studio Solution File, Format Version 12.00
# Visual Studio 14
VisualStudioVersion = 14.0.23107.0
MinimumVisualStudioVersion = 10.0.40219.1
Project("{FAE04EC0-301F-11D3-BF4B-00C04F79EFBC}") = "TestJenkins", "TestJenkins\TestJenkins.csproj", "{50AD36C6-E204-47CA-8E73-E4C7B0919A3F}"
EndProject
Project("{2150E333-8FDC-42A3-9474-1A3956D46DE8}") = ".nuget", ".nuget", "{69DD16B5-7388-4218-85AF-8A28C9AD130E}"
	ProjectSection(SolutionItems) = preProject
		.nuget\packages.config = .nuget\packages.config
	EndProjectSection
EndProject
Project("{FAE04EC0-301F-11D3-BF4B-00C04F79EFBC}") = "WebApplication1", "WebApplication1\WebApplication1.csproj", "{1DCA5406-97F6-4104-A685-CFC318CB5091}"
EndProject
Project("{00D1A9C2-B5F0-4AF3-8072-F6C62B433612}") = "Database1", "Database1\Database1.sqlproj", "{7DC517A0-32C7-4314-88C3-3FAE714A9D9E}"
EndProject
Project("{FAE04EC0-301F-11D3-BF4B-00C04F79EFBC}") = "UnitTestProject1", "UnitTestProject1\UnitTestProject1.csproj", "{9E84C847-6F58-4CF0-9C56-7F2F50D58029}"
EndProject
Global
	GlobalSection(SolutionConfigurationPlatforms) = preSolution
		Debug|Any CPU = Debug|Any CPU
		Dev|Any CPU = Dev|Any CPU
		Release|Any CPU = Release|Any CPU
	EndGlobalSection
	GlobalSection(ProjectConfigurationPlatforms) = postSolution
		{50AD36C6-E204-47CA-8E73-E4C7B0919A3F}.Debug|Any CPU.ActiveCfg = Debug|Any CPU
		{50AD36C6-E204-47CA-8E73-E4C7B0919A3F}.Debug|Any CPU.Build.0 = Debug|Any CPU
		{50AD36C6-E204-47CA-8E73-E4C7B0919A3F}.Dev|Any CPU.ActiveCfg = Dev|Any CPU
		{50AD36C6-E204-47CA-8E73-E4C7B0919A3F}.Dev|Any CPU.Build.0 = Dev|Any CPU
		{50AD36C6-E204-47CA-8E73-E4C7B0919A3F}.Release|Any CPU.ActiveCfg = Release|Any CPU
		{50AD36C6-E204-47CA-8E73-E4C7B0919A3F}.Release|Any CPU.Build.0 = Release|Any CPU
		{1DCA5406-97F6-4104-A685-CFC318CB5091}.Debug|Any CPU.ActiveCfg = Debug|Any CPU
		{1DCA5406-97F6-4104-A685-CFC318CB5091}.Debug|Any CPU.Build.0 = Debug|Any CPU
		{1DCA5406-97F6-4104-A685-CFC318CB5091}.Dev|Any CPU.ActiveCfg = Dev|Any CPU
		{1DCA5406-97F6-4104-A685-CFC318CB5091}.Dev|Any CPU.Build.0 = Dev|Any CPU
		{1DCA5406-97F6-4104-A685-CFC318CB5091}.Release|Any CPU.ActiveCfg = Release|Any CPU
		{1DCA5406-97F6-4104-A685-CFC318CB5091}.Release|Any CPU.Build.0 = Release|Any CPU
		{7DC517A0-32C7-4314-88C3-3FAE714A9D9E}.Debug|Any CPU.ActiveCfg = Debug|Any CPU
		{7DC517A0-32C7-4314-88C3-3FAE714A9D9E}.Debug|Any CPU.Build.0 = Debug|Any CPU
		{7DC517A0-32C7-4314-88C3-3FAE714A9D9E}.Debug|Any CPU.Deploy.0 = Debug|Any CPU
		{7DC517A0-32C7-4314-88C3-3FAE714A9D9E}.Dev|Any CPU.ActiveCfg = Debug|Any CPU
		{7DC517A0-32C7-4314-88C3-3FAE714A9D9E}.Dev|Any CPU.Build.0 = Debug|Any CPU
		{7DC517A0-32C7-4314-88C3-3FAE714A9D9E}.Dev|Any CPU.Deploy.0 = Debug|Any CPU
		{7DC517A0-32C7-4314-88C3-3FAE714A9D9E}.Release|Any CPU.ActiveCfg = Release|Any CPU
		{7DC517A0-32C7-4314-88C3-3FAE714A9D9E}.Release|Any CPU.Build.0 = Release|Any CPU
		{7DC517A0-32C7-4314-88C3-3FAE714A9D9E}.Release|Any CPU.Deploy.0 = Release|Any CPU
		{9E84C847-6F58-4CF0-9C56-7F2F50D58029}.Debug|Any CPU.ActiveCfg = Debug|Any CPU
		{9E84C847-6F58-4CF0-9C56-7F2F50D58029}.Debug|Any CPU.Build.0 = Debug|Any CPU
		{9E84C847-6F58-4CF0-9C56-7F2F50D58029}.Dev|Any CPU.ActiveCfg = Debug|Any CPU
		{9E84C847-6F58-4CF0-9C56-7F2F50D58029}.Dev|Any CPU.Build.0 = Debug|Any CPU
		{9E84C847-6F58-4CF0-9C56-7F2F50D58029}.Release|Any CPU.ActiveCfg = Release|Any CPU
		{9E84C847-6F58-4CF0-9C56-7F2F50D58029}.Release|Any CPU.Build.0 = Release|Any CPU
	EndGlobalSection
	GlobalSection(SolutionProperties) = preSolution
		HideSolutionNode = FALSE
	EndGlobalSection
EndGlobal
